
Microsoft Visual Studio Solution File, Format Version 12.00
# Visual Studio 15
VisualStudioVersion = 15.0.28010.2041
MinimumVisualStudioVersion = 10.0.40219.1
Project("{FAE04EC0-301F-11D3-BF4B-00C04F79EFBC}") = "ReactAuthentication.API", "ReactAuthentication.API\ReactAuthentication.API.csproj", "{026C601D-BF8A-4462-A16B-0411D0FB7879}"
EndProject
Global
	GlobalSection(SolutionConfigurationPlatforms) = preSolution
		Debug|Any CPU = Debug|Any CPU
		Release|Any CPU = Release|Any CPU
	EndGlobalSection
	GlobalSection(ProjectConfigurationPlatforms) = postSolution
		{026C601D-BF8A-4462-A16B-0411D0FB7879}.Debug|Any CPU.ActiveCfg = Debug|Any CPU
		{026C601D-BF8A-4462-A16B-0411D0FB7879}.Debug|Any CPU.Build.0 = Debug|Any CPU
		{026C601D-BF8A-4462-A16B-0411D0FB7879}.Release|Any CPU.ActiveCfg = Release|Any CPU
		{026C601D-BF8A-4462-A16B-0411D0FB7879}.Release|Any CPU.Build.0 = Release|Any CPU
	EndGlobalSection
	GlobalSection(SolutionProperties) = preSolution
		HideSolutionNode = FALSE
	EndGlobalSection
	GlobalSection(ExtensibilityGlobals) = postSolution
		SolutionGuid = {93019791-EA90-4061-9C03-B4418B7744DF}
	EndGlobalSection
EndGlobal
